
Microsoft Visual Studio Solution File, Format Version 12.00
# Visual Studio Version 17
VisualStudioVersion = 17.0.32112.339
MinimumVisualStudioVersion = 10.0.40219.1
Project("{2150E333-8FDC-42A3-9474-1A3956D46DE8}") = "src", "src", "{D8E18B56-8CE7-4E0C-A0B8-4E7FF4A27522}"
EndProject
Project("{FAE04EC0-301F-11D3-BF4B-00C04F79EFBC}") = "PRE.Pagination.API", "src\PRE.Pagination.API\PRE.Pagination.API.csproj", "{47C02FDE-E701-4DD5-87C3-75B92CF89476}"
EndProject
Global
	GlobalSection(SolutionConfigurationPlatforms) = preSolution
		Debug|Any CPU = Debug|Any CPU
		Release|Any CPU = Release|Any CPU
	EndGlobalSection
	GlobalSection(ProjectConfigurationPlatforms) = postSolution
		{47C02FDE-E701-4DD5-87C3-75B92CF89476}.Debug|Any CPU.ActiveCfg = Debug|Any CPU
		{47C02FDE-E701-4DD5-87C3-75B92CF89476}.Debug|Any CPU.Build.0 = Debug|Any CPU
		{47C02FDE-E701-4DD5-87C3-75B92CF89476}.Release|Any CPU.ActiveCfg = Release|Any CPU
		{47C02FDE-E701-4DD5-87C3-75B92CF89476}.Release|Any CPU.Build.0 = Release|Any CPU
	EndGlobalSection
	GlobalSection(SolutionProperties) = preSolution
		HideSolutionNode = FALSE
	EndGlobalSection
	GlobalSection(NestedProjects) = preSolution
		{47C02FDE-E701-4DD5-87C3-75B92CF89476} = {D8E18B56-8CE7-4E0C-A0B8-4E7FF4A27522}
	EndGlobalSection
	GlobalSection(ExtensibilityGlobals) = postSolution
		SolutionGuid = {48F4DC8D-E14B-4C6F-B561-DFF79D73BE8D}
	EndGlobalSection
EndGlobal
